
Microsoft Visual Studio Solution File, Format Version 12.00
# Visual Studio Version 17
VisualStudioVersion = 17.1.32210.238
MinimumVisualStudioVersion = 10.0.40219.1
Project("{8BC9CEB8-8B4A-11D0-8D11-00A0C91BC942}") = "pow（）函数-求平方和", "pow（）函数-求平方和\pow（）函数-求平方和.vcxproj", "{654A7AC6-07C9-455F-B57A-B62941584B21}"
EndProject
Global
	GlobalSection(SolutionConfigurationPlatforms) = preSolution
		Debug|x64 = Debug|x64
		Debug|x86 = Debug|x86
		Release|x64 = Release|x64
		Release|x86 = Release|x86
	EndGlobalSection
	GlobalSection(ProjectConfigurationPlatforms) = postSolution
		{654A7AC6-07C9-455F-B57A-B62941584B21}.Debug|x64.ActiveCfg = Debug|x64
		{654A7AC6-07C9-455F-B57A-B62941584B21}.Debug|x64.Build.0 = Debug|x64
		{654A7AC6-07C9-455F-B57A-B62941584B21}.Debug|x86.ActiveCfg = Debug|Win32
		{654A7AC6-07C9-455F-B57A-B62941584B21}.Debug|x86.Build.0 = Debug|Win32
		{654A7AC6-07C9-455F-B57A-B62941584B21}.Release|x64.ActiveCfg = Release|x64
		{654A7AC6-07C9-455F-B57A-B62941584B21}.Release|x64.Build.0 = Release|x64
		{654A7AC6-07C9-455F-B57A-B62941584B21}.Release|x86.ActiveCfg = Release|Win32
		{654A7AC6-07C9-455F-B57A-B62941584B21}.Release|x86.Build.0 = Release|Win32
	EndGlobalSection
	GlobalSection(SolutionProperties) = preSolution
		HideSolutionNode = FALSE
	EndGlobalSection
	GlobalSection(ExtensibilityGlobals) = postSolution
		SolutionGuid = {FC34A795-9CE5-4875-BC51-853A711CEC8F}
	EndGlobalSection
EndGlobal
